
Microsoft Visual Studio Solution File, Format Version 12.00
# Visual Studio Version 16
VisualStudioVersion = 16.0.32002.261
MinimumVisualStudioVersion = 10.0.40219.1
Project("{FAE04EC0-301F-11D3-BF4B-00C04F79EFBC}") = "LibraryDBExaminationDaniela", "LibraryDBExaminationDaniela.csproj", "{EFDC7C10-3A05-4327-BB16-31BE04D3DD49}"
EndProject
Global
	GlobalSection(SolutionConfigurationPlatforms) = preSolution
		Debug|Any CPU = Debug|Any CPU
		Release|Any CPU = Release|Any CPU
	EndGlobalSection
	GlobalSection(ProjectConfigurationPlatforms) = postSolution
		{EFDC7C10-3A05-4327-BB16-31BE04D3DD49}.Debug|Any CPU.ActiveCfg = Debug|Any CPU
		{EFDC7C10-3A05-4327-BB16-31BE04D3DD49}.Debug|Any CPU.Build.0 = Debug|Any CPU
		{EFDC7C10-3A05-4327-BB16-31BE04D3DD49}.Release|Any CPU.ActiveCfg = Release|Any CPU
		{EFDC7C10-3A05-4327-BB16-31BE04D3DD49}.Release|Any CPU.Build.0 = Release|Any CPU
	EndGlobalSection
	GlobalSection(SolutionProperties) = preSolution
		HideSolutionNode = FALSE
	EndGlobalSection
	GlobalSection(ExtensibilityGlobals) = postSolution
		SolutionGuid = {911C6160-908E-427A-A019-FF38541B3ACB}
	EndGlobalSection
EndGlobal
